
Microsoft Visual Studio Solution File, Format Version 12.00
# Visual Studio 15
VisualStudioVersion = 15.0.28010.2026
MinimumVisualStudioVersion = 10.0.40219.1
Project("{FAE04EC0-301F-11D3-BF4B-00C04F79EFBC}") = "BigSchool", "BigSchool\BigSchool.csproj", "{530FB514-E986-47B7-96D0-94B30BACCE75}"
EndProject
Project("{FAE04EC0-301F-11D3-BF4B-00C04F79EFBC}") = "Old", "..\WebApplication2\WebApplication2\Old.csproj", "{946A1840-720B-4A57-A35E-CE7386E3BCC6}"
EndProject
Global
	GlobalSection(SolutionConfigurationPlatforms) = preSolution
		Debug|Any CPU = Debug|Any CPU
		Release|Any CPU = Release|Any CPU
	EndGlobalSection
	GlobalSection(ProjectConfigurationPlatforms) = postSolution
		{530FB514-E986-47B7-96D0-94B30BACCE75}.Debug|Any CPU.ActiveCfg = Debug|Any CPU
		{530FB514-E986-47B7-96D0-94B30BACCE75}.Debug|Any CPU.Build.0 = Debug|Any CPU
		{530FB514-E986-47B7-96D0-94B30BACCE75}.Release|Any CPU.ActiveCfg = Release|Any CPU
		{530FB514-E986-47B7-96D0-94B30BACCE75}.Release|Any CPU.Build.0 = Release|Any CPU
		{946A1840-720B-4A57-A35E-CE7386E3BCC6}.Debug|Any CPU.ActiveCfg = Debug|Any CPU
		{946A1840-720B-4A57-A35E-CE7386E3BCC6}.Debug|Any CPU.Build.0 = Debug|Any CPU
		{946A1840-720B-4A57-A35E-CE7386E3BCC6}.Release|Any CPU.ActiveCfg = Release|Any CPU
		{946A1840-720B-4A57-A35E-CE7386E3BCC6}.Release|Any CPU.Build.0 = Release|Any CPU
	EndGlobalSection
	GlobalSection(SolutionProperties) = preSolution
		HideSolutionNode = FALSE
	EndGlobalSection
	GlobalSection(ExtensibilityGlobals) = postSolution
		SolutionGuid = {C1453B6B-EE9E-41B8-9522-C88229C35040}
	EndGlobalSection
EndGlobal
